
Microsoft Visual Studio Solution File, Format Version 12.00
# Visual Studio Version 17
VisualStudioVersion = 17.7.34202.233
MinimumVisualStudioVersion = 10.0.40219.1
Project("{6EC3EE1D-3C4E-46DD-8F32-0CC8E7565705}") = "Day01", "AdventOfCode2023\Day01\Day01.fsproj", "{33414ED7-EAF9-43F2-B34F-A67EBB044D6A}"
EndProject
Project("{2150E333-8FDC-42A3-9474-1A3956D46DE8}") = "AdventOfCode", "AdventOfCode", "{C4B12EBE-0004-4917-9F45-6D220E49B57E}"
EndProject
Project("{6EC3EE1D-3C4E-46DD-8F32-0CC8E7565705}") = "Day02", "AdventOfCode2023\Day02\Day02.fsproj", "{B7F7D099-FF8F-4BC2-99E1-15649A973E8A}"
EndProject
Project("{6EC3EE1D-3C4E-46DD-8F32-0CC8E7565705}") = "Day03", "AdventOfCode2023\Day03\Day03.fsproj", "{7CCC7666-C9F5-4E10-9136-4181E21A88E9}"
EndProject
Project("{6EC3EE1D-3C4E-46DD-8F32-0CC8E7565705}") = "Day04", "AdventOfCode2023\Day04\Day04.fsproj", "{6363C834-78ED-49A3-9F73-8E0876FCC9C4}"
EndProject
Project("{6EC3EE1D-3C4E-46DD-8F32-0CC8E7565705}") = "Day05", "AdventOfCode2023\Day05\Day05.fsproj", "{618810CE-F8D8-4BC6-BF41-BE54F6E848BE}"
EndProject
Project("{6EC3EE1D-3C4E-46DD-8F32-0CC8E7565705}") = "Day06", "AdventOfCode2023\Day06\Day06.fsproj", "{381D84CB-3C4D-44F5-85D1-92768C152B48}"
EndProject
Project("{2150E333-8FDC-42A3-9474-1A3956D46DE8}") = "Knowit", "Knowit", "{9ACFBD9C-EB00-4ED0-8606-97CCD72DC511}"
EndProject
Project("{6EC3EE1D-3C4E-46DD-8F32-0CC8E7565705}") = "Dag01", "KnowitJulekalender2023\Dag01\Dag01.fsproj", "{79FBDBEF-40A7-4AC4-82EB-C70897455BE1}"
EndProject
Project("{6EC3EE1D-3C4E-46DD-8F32-0CC8E7565705}") = "Dag02", "KnowitJulekalender2023\Dag02\Dag02.fsproj", "{7BC8F301-CEFD-49D8-84A2-6A4D55D95218}"
EndProject
Project("{6EC3EE1D-3C4E-46DD-8F32-0CC8E7565705}") = "Dag03", "KnowitJulekalender2023\Dag03\Dag03.fsproj", "{55107072-F72C-465E-B62A-7E7792E34332}"
EndProject
Project("{2150E333-8FDC-42A3-9474-1A3956D46DE8}") = "Shared", "Shared", "{62D91AFD-AAD8-49E6-9FFF-E82FC373A8CB}"
EndProject
Project("{6EC3EE1D-3C4E-46DD-8F32-0CC8E7565705}") = "Utilities", "Utilities\Utilities.fsproj", "{B33434B3-21AB-4655-917B-74DE12ECBB83}"
EndProject
Project("{6EC3EE1D-3C4E-46DD-8F32-0CC8E7565705}") = "Dag05", "KnowitJulekalender2023\Dag05\Dag05.fsproj", "{720D6C58-DDF9-4DFA-944E-DCF4215CEEF4}"
EndProject
Project("{6EC3EE1D-3C4E-46DD-8F32-0CC8E7565705}") = "Dag06", "KnowitJulekalender2023\Dag06\Dag06.fsproj", "{199342CF-5624-4076-934E-A5F3F202E606}"
EndProject
Project("{6EC3EE1D-3C4E-46DD-8F32-0CC8E7565705}") = "Day07", "AdventOfCode2023\Day07\Day07.fsproj", "{583E953C-BB51-4C5B-90FD-8B62B8A5A78F}"
EndProject
Project("{6EC3EE1D-3C4E-46DD-8F32-0CC8E7565705}") = "Day10", "AdventOfCode2023\Day10\Day10.fsproj", "{ECA8F79F-38E6-45E7-959A-5DE8E9209530}"
EndProject
Project("{6EC3EE1D-3C4E-46DD-8F32-0CC8E7565705}") = "Day11", "AdventOfCode2023\Day11\Day11.fsproj", "{196B47FC-A39D-444B-B374-9B5E3C67C3F9}"
EndProject
Project("{6EC3EE1D-3C4E-46DD-8F32-0CC8E7565705}") = "Day12", "AdventOfCode2023\Day12\Day12.fsproj", "{7F3385D4-DC9E-4E45-9684-0081CE624968}"
EndProject
Global
	GlobalSection(SolutionConfigurationPlatforms) = preSolution
		Debug|Any CPU = Debug|Any CPU
		Release|Any CPU = Release|Any CPU
	EndGlobalSection
	GlobalSection(ProjectConfigurationPlatforms) = postSolution
		{33414ED7-EAF9-43F2-B34F-A67EBB044D6A}.Debug|Any CPU.ActiveCfg = Debug|Any CPU
		{33414ED7-EAF9-43F2-B34F-A67EBB044D6A}.Debug|Any CPU.Build.0 = Debug|Any CPU
		{33414ED7-EAF9-43F2-B34F-A67EBB044D6A}.Release|Any CPU.ActiveCfg = Release|Any CPU
		{33414ED7-EAF9-43F2-B34F-A67EBB044D6A}.Release|Any CPU.Build.0 = Release|Any CPU
		{B7F7D099-FF8F-4BC2-99E1-15649A973E8A}.Debug|Any CPU.ActiveCfg = Debug|Any CPU
		{B7F7D099-FF8F-4BC2-99E1-15649A973E8A}.Debug|Any CPU.Build.0 = Debug|Any CPU
		{B7F7D099-FF8F-4BC2-99E1-15649A973E8A}.Release|Any CPU.ActiveCfg = Release|Any CPU
		{B7F7D099-FF8F-4BC2-99E1-15649A973E8A}.Release|Any CPU.Build.0 = Release|Any CPU
		{7CCC7666-C9F5-4E10-9136-4181E21A88E9}.Debug|Any CPU.ActiveCfg = Debug|Any CPU
		{7CCC7666-C9F5-4E10-9136-4181E21A88E9}.Debug|Any CPU.Build.0 = Debug|Any CPU
		{7CCC7666-C9F5-4E10-9136-4181E21A88E9}.Release|Any CPU.ActiveCfg = Release|Any CPU
		{7CCC7666-C9F5-4E10-9136-4181E21A88E9}.Release|Any CPU.Build.0 = Release|Any CPU
		{6363C834-78ED-49A3-9F73-8E0876FCC9C4}.Debug|Any CPU.ActiveCfg = Debug|Any CPU
		{6363C834-78ED-49A3-9F73-8E0876FCC9C4}.Debug|Any CPU.Build.0 = Debug|Any CPU
		{6363C834-78ED-49A3-9F73-8E0876FCC9C4}.Release|Any CPU.ActiveCfg = Release|Any CPU
		{6363C834-78ED-49A3-9F73-8E0876FCC9C4}.Release|Any CPU.Build.0 = Release|Any CPU
		{618810CE-F8D8-4BC6-BF41-BE54F6E848BE}.Debug|Any CPU.ActiveCfg = Debug|Any CPU
		{618810CE-F8D8-4BC6-BF41-BE54F6E848BE}.Debug|Any CPU.Build.0 = Debug|Any CPU
		{618810CE-F8D8-4BC6-BF41-BE54F6E848BE}.Release|Any CPU.ActiveCfg = Release|Any CPU
		{618810CE-F8D8-4BC6-BF41-BE54F6E848BE}.Release|Any CPU.Build.0 = Release|Any CPU
		{381D84CB-3C4D-44F5-85D1-92768C152B48}.Debug|Any CPU.ActiveCfg = Debug|Any CPU
		{381D84CB-3C4D-44F5-85D1-92768C152B48}.Debug|Any CPU.Build.0 = Debug|Any CPU
		{381D84CB-3C4D-44F5-85D1-92768C152B48}.Release|Any CPU.ActiveCfg = Release|Any CPU
		{381D84CB-3C4D-44F5-85D1-92768C152B48}.Release|Any CPU.Build.0 = Release|Any CPU
		{79FBDBEF-40A7-4AC4-82EB-C70897455BE1}.Debug|Any CPU.ActiveCfg = Debug|Any CPU
		{79FBDBEF-40A7-4AC4-82EB-C70897455BE1}.Debug|Any CPU.Build.0 = Debug|Any CPU
		{79FBDBEF-40A7-4AC4-82EB-C70897455BE1}.Release|Any CPU.ActiveCfg = Release|Any CPU
		{79FBDBEF-40A7-4AC4-82EB-C70897455BE1}.Release|Any CPU.Build.0 = Release|Any CPU
		{7BC8F301-CEFD-49D8-84A2-6A4D55D95218}.Debug|Any CPU.ActiveCfg = Debug|Any CPU
		{7BC8F301-CEFD-49D8-84A2-6A4D55D95218}.Debug|Any CPU.Build.0 = Debug|Any CPU
		{7BC8F301-CEFD-49D8-84A2-6A4D55D95218}.Release|Any CPU.ActiveCfg = Release|Any CPU
		{7BC8F301-CEFD-49D8-84A2-6A4D55D95218}.Release|Any CPU.Build.0 = Release|Any CPU
		{55107072-F72C-465E-B62A-7E7792E34332}.Debug|Any CPU.ActiveCfg = Debug|Any CPU
		{55107072-F72C-465E-B62A-7E7792E34332}.Debug|Any CPU.Build.0 = Debug|Any CPU
		{55107072-F72C-465E-B62A-7E7792E34332}.Release|Any CPU.ActiveCfg = Release|Any CPU
		{55107072-F72C-465E-B62A-7E7792E34332}.Release|Any CPU.Build.0 = Release|Any CPU
		{B33434B3-21AB-4655-917B-74DE12ECBB83}.Debug|Any CPU.ActiveCfg = Debug|Any CPU
		{B33434B3-21AB-4655-917B-74DE12ECBB83}.Debug|Any CPU.Build.0 = Debug|Any CPU
		{B33434B3-21AB-4655-917B-74DE12ECBB83}.Release|Any CPU.ActiveCfg = Release|Any CPU
		{B33434B3-21AB-4655-917B-74DE12ECBB83}.Release|Any CPU.Build.0 = Release|Any CPU
		{720D6C58-DDF9-4DFA-944E-DCF4215CEEF4}.Debug|Any CPU.ActiveCfg = Debug|Any CPU
		{720D6C58-DDF9-4DFA-944E-DCF4215CEEF4}.Debug|Any CPU.Build.0 = Debug|Any CPU
		{720D6C58-DDF9-4DFA-944E-DCF4215CEEF4}.Release|Any CPU.ActiveCfg = Release|Any CPU
		{720D6C58-DDF9-4DFA-944E-DCF4215CEEF4}.Release|Any CPU.Build.0 = Release|Any CPU
		{199342CF-5624-4076-934E-A5F3F202E606}.Debug|Any CPU.ActiveCfg = Debug|Any CPU
		{199342CF-5624-4076-934E-A5F3F202E606}.Debug|Any CPU.Build.0 = Debug|Any CPU
		{199342CF-5624-4076-934E-A5F3F202E606}.Release|Any CPU.ActiveCfg = Release|Any CPU
		{199342CF-5624-4076-934E-A5F3F202E606}.Release|Any CPU.Build.0 = Release|Any CPU
		{583E953C-BB51-4C5B-90FD-8B62B8A5A78F}.Debug|Any CPU.ActiveCfg = Debug|Any CPU
		{583E953C-BB51-4C5B-90FD-8B62B8A5A78F}.Debug|Any CPU.Build.0 = Debug|Any CPU
		{583E953C-BB51-4C5B-90FD-8B62B8A5A78F}.Release|Any CPU.ActiveCfg = Release|Any CPU
		{583E953C-BB51-4C5B-90FD-8B62B8A5A78F}.Release|Any CPU.Build.0 = Release|Any CPU
		{ECA8F79F-38E6-45E7-959A-5DE8E9209530}.Debug|Any CPU.ActiveCfg = Debug|Any CPU
		{ECA8F79F-38E6-45E7-959A-5DE8E9209530}.Debug|Any CPU.Build.0 = Debug|Any CPU
		{ECA8F79F-38E6-45E7-959A-5DE8E9209530}.Release|Any CPU.ActiveCfg = Release|Any CPU
		{ECA8F79F-38E6-45E7-959A-5DE8E9209530}.Release|Any CPU.Build.0 = Release|Any CPU
		{196B47FC-A39D-444B-B374-9B5E3C67C3F9}.Debug|Any CPU.ActiveCfg = Debug|Any CPU
		{196B47FC-A39D-444B-B374-9B5E3C67C3F9}.Debug|Any CPU.Build.0 = Debug|Any CPU
		{196B47FC-A39D-444B-B374-9B5E3C67C3F9}.Release|Any CPU.ActiveCfg = Release|Any CPU
		{196B47FC-A39D-444B-B374-9B5E3C67C3F9}.Release|Any CPU.Build.0 = Release|Any CPU
		{7F3385D4-DC9E-4E45-9684-0081CE624968}.Debug|Any CPU.ActiveCfg = Debug|Any CPU
		{7F3385D4-DC9E-4E45-9684-0081CE624968}.Debug|Any CPU.Build.0 = Debug|Any CPU
		{7F3385D4-DC9E-4E45-9684-0081CE624968}.Release|Any CPU.ActiveCfg = Release|Any CPU
		{7F3385D4-DC9E-4E45-9684-0081CE624968}.Release|Any CPU.Build.0 = Release|Any CPU
	EndGlobalSection
	GlobalSection(SolutionProperties) = preSolution
		HideSolutionNode = FALSE
	EndGlobalSection
	GlobalSection(NestedProjects) = preSolution
		{33414ED7-EAF9-43F2-B34F-A67EBB044D6A} = {C4B12EBE-0004-4917-9F45-6D220E49B57E}
		{B7F7D099-FF8F-4BC2-99E1-15649A973E8A} = {C4B12EBE-0004-4917-9F45-6D220E49B57E}
		{7CCC7666-C9F5-4E10-9136-4181E21A88E9} = {C4B12EBE-0004-4917-9F45-6D220E49B57E}
		{6363C834-78ED-49A3-9F73-8E0876FCC9C4} = {C4B12EBE-0004-4917-9F45-6D220E49B57E}
		{618810CE-F8D8-4BC6-BF41-BE54F6E848BE} = {C4B12EBE-0004-4917-9F45-6D220E49B57E}
		{381D84CB-3C4D-44F5-85D1-92768C152B48} = {C4B12EBE-0004-4917-9F45-6D220E49B57E}
		{79FBDBEF-40A7-4AC4-82EB-C70897455BE1} = {9ACFBD9C-EB00-4ED0-8606-97CCD72DC511}
		{7BC8F301-CEFD-49D8-84A2-6A4D55D95218} = {9ACFBD9C-EB00-4ED0-8606-97CCD72DC511}
		{55107072-F72C-465E-B62A-7E7792E34332} = {9ACFBD9C-EB00-4ED0-8606-97CCD72DC511}
		{B33434B3-21AB-4655-917B-74DE12ECBB83} = {62D91AFD-AAD8-49E6-9FFF-E82FC373A8CB}
		{720D6C58-DDF9-4DFA-944E-DCF4215CEEF4} = {9ACFBD9C-EB00-4ED0-8606-97CCD72DC511}
		{199342CF-5624-4076-934E-A5F3F202E606} = {9ACFBD9C-EB00-4ED0-8606-97CCD72DC511}
		{583E953C-BB51-4C5B-90FD-8B62B8A5A78F} = {C4B12EBE-0004-4917-9F45-6D220E49B57E}
		{ECA8F79F-38E6-45E7-959A-5DE8E9209530} = {C4B12EBE-0004-4917-9F45-6D220E49B57E}
		{196B47FC-A39D-444B-B374-9B5E3C67C3F9} = {C4B12EBE-0004-4917-9F45-6D220E49B57E}
		{7F3385D4-DC9E-4E45-9684-0081CE624968} = {C4B12EBE-0004-4917-9F45-6D220E49B57E}
	EndGlobalSection
	GlobalSection(ExtensibilityGlobals) = postSolution
		SolutionGuid = {3F8C70CD-0C74-412C-A6CB-6FC5C4FA2EE3}
	EndGlobalSection
EndGlobal
